
Microsoft Visual Studio Solution File, Format Version 12.00
# Visual Studio Version 17
VisualStudioVersion = 17.0.31903.59
MinimumVisualStudioVersion = 10.0.40219.1
Project("{FAE04EC0-301F-11D3-BF4B-00C04F79EFBC}") = "EventManagement.API", "EventManagement.API\EventManagement.API.csproj", "{A8C82FBA-ECB5-47D5-A778-F67A935141C4}"
EndProject
Project("{FAE04EC0-301F-11D3-BF4B-00C04F79EFBC}") = "EventManagement.Application", "EventManagement.Application\EventManagement.Application.csproj", "{CAEAA790-9040-43F3-B4CA-FFAACC15C10E}"
EndProject
Project("{FAE04EC0-301F-11D3-BF4B-00C04F79EFBC}") = "EventManagement.Domain", "EventManagement.Domain\EventManagement.Domain.csproj", "{C29D569E-8E9C-476C-B039-3E3CF1485B16}"
EndProject
Project("{FAE04EC0-301F-11D3-BF4B-00C04F79EFBC}") = "EventManagement.Infrastructure", "EventManagement.Infrastructure\EventManagement.Infrastructure.csproj", "{C728CA41-03F1-4769-B226-FC140FD6F854}"
EndProject
Global
	GlobalSection(SolutionConfigurationPlatforms) = preSolution
		Debug|Any CPU = Debug|Any CPU
		Debug|x64 = Debug|x64
		Debug|x86 = Debug|x86
		Release|Any CPU = Release|Any CPU
		Release|x64 = Release|x64
		Release|x86 = Release|x86
	EndGlobalSection
	GlobalSection(ProjectConfigurationPlatforms) = postSolution
		{A8C82FBA-ECB5-47D5-A778-F67A935141C4}.Debug|Any CPU.ActiveCfg = Debug|Any CPU
		{A8C82FBA-ECB5-47D5-A778-F67A935141C4}.Debug|Any CPU.Build.0 = Debug|Any CPU
		{A8C82FBA-ECB5-47D5-A778-F67A935141C4}.Debug|x64.ActiveCfg = Debug|Any CPU
		{A8C82FBA-ECB5-47D5-A778-F67A935141C4}.Debug|x64.Build.0 = Debug|Any CPU
		{A8C82FBA-ECB5-47D5-A778-F67A935141C4}.Debug|x86.ActiveCfg = Debug|Any CPU
		{A8C82FBA-ECB5-47D5-A778-F67A935141C4}.Debug|x86.Build.0 = Debug|Any CPU
		{A8C82FBA-ECB5-47D5-A778-F67A935141C4}.Release|Any CPU.ActiveCfg = Release|Any CPU
		{A8C82FBA-ECB5-47D5-A778-F67A935141C4}.Release|Any CPU.Build.0 = Release|Any CPU
		{A8C82FBA-ECB5-47D5-A778-F67A935141C4}.Release|x64.ActiveCfg = Release|Any CPU
		{A8C82FBA-ECB5-47D5-A778-F67A935141C4}.Release|x64.Build.0 = Release|Any CPU
		{A8C82FBA-ECB5-47D5-A778-F67A935141C4}.Release|x86.ActiveCfg = Release|Any CPU
		{A8C82FBA-ECB5-47D5-A778-F67A935141C4}.Release|x86.Build.0 = Release|Any CPU
		{CAEAA790-9040-43F3-B4CA-FFAACC15C10E}.Debug|Any CPU.ActiveCfg = Debug|Any CPU
		{CAEAA790-9040-43F3-B4CA-FFAACC15C10E}.Debug|Any CPU.Build.0 = Debug|Any CPU
		{CAEAA790-9040-43F3-B4CA-FFAACC15C10E}.Debug|x64.ActiveCfg = Debug|Any CPU
		{CAEAA790-9040-43F3-B4CA-FFAACC15C10E}.Debug|x64.Build.0 = Debug|Any CPU
		{CAEAA790-9040-43F3-B4CA-FFAACC15C10E}.Debug|x86.ActiveCfg = Debug|Any CPU
		{CAEAA790-9040-43F3-B4CA-FFAACC15C10E}.Debug|x86.Build.0 = Debug|Any CPU
		{CAEAA790-9040-43F3-B4CA-FFAACC15C10E}.Release|Any CPU.ActiveCfg = Release|Any CPU
		{CAEAA790-9040-43F3-B4CA-FFAACC15C10E}.Release|Any CPU.Build.0 = Release|Any CPU
		{CAEAA790-9040-43F3-B4CA-FFAACC15C10E}.Release|x64.ActiveCfg = Release|Any CPU
		{CAEAA790-9040-43F3-B4CA-FFAACC15C10E}.Release|x64.Build.0 = Release|Any CPU
		{CAEAA790-9040-43F3-B4CA-FFAACC15C10E}.Release|x86.ActiveCfg = Release|Any CPU
		{CAEAA790-9040-43F3-B4CA-FFAACC15C10E}.Release|x86.Build.0 = Release|Any CPU
		{C29D569E-8E9C-476C-B039-3E3CF1485B16}.Debug|Any CPU.ActiveCfg = Debug|Any CPU
		{C29D569E-8E9C-476C-B039-3E3CF1485B16}.Debug|Any CPU.Build.0 = Debug|Any CPU
		{C29D569E-8E9C-476C-B039-3E3CF1485B16}.Debug|x64.ActiveCfg = Debug|Any CPU
		{C29D569E-8E9C-476C-B039-3E3CF1485B16}.Debug|x64.Build.0 = Debug|Any CPU
		{C29D569E-8E9C-476C-B039-3E3CF1485B16}.Debug|x86.ActiveCfg = Debug|Any CPU
		{C29D569E-8E9C-476C-B039-3E3CF1485B16}.Debug|x86.Build.0 = Debug|Any CPU
		{C29D569E-8E9C-476C-B039-3E3CF1485B16}.Release|Any CPU.ActiveCfg = Release|Any CPU
		{C29D569E-8E9C-476C-B039-3E3CF1485B16}.Release|Any CPU.Build.0 = Release|Any CPU
		{C29D569E-8E9C-476C-B039-3E3CF1485B16}.Release|x64.ActiveCfg = Release|Any CPU
		{C29D569E-8E9C-476C-B039-3E3CF1485B16}.Release|x64.Build.0 = Release|Any CPU
		{C29D569E-8E9C-476C-B039-3E3CF1485B16}.Release|x86.ActiveCfg = Release|Any CPU
		{C29D569E-8E9C-476C-B039-3E3CF1485B16}.Release|x86.Build.0 = Release|Any CPU
		{C728CA41-03F1-4769-B226-FC140FD6F854}.Debug|Any CPU.ActiveCfg = Debug|Any CPU
		{C728CA41-03F1-4769-B226-FC140FD6F854}.Debug|Any CPU.Build.0 = Debug|Any CPU
		{C728CA41-03F1-4769-B226-FC140FD6F854}.Debug|x64.ActiveCfg = Debug|Any CPU
		{C728CA41-03F1-4769-B226-FC140FD6F854}.Debug|x64.Build.0 = Debug|Any CPU
		{C728CA41-03F1-4769-B226-FC140FD6F854}.Debug|x86.ActiveCfg = Debug|Any CPU
		{C728CA41-03F1-4769-B226-FC140FD6F854}.Debug|x86.Build.0 = Debug|Any CPU
		{C728CA41-03F1-4769-B226-FC140FD6F854}.Release|Any CPU.ActiveCfg = Release|Any CPU
		{C728CA41-03F1-4769-B226-FC140FD6F854}.Release|Any CPU.Build.0 = Release|Any CPU
		{C728CA41-03F1-4769-B226-FC140FD6F854}.Release|x64.ActiveCfg = Release|Any CPU
		{C728CA41-03F1-4769-B226-FC140FD6F854}.Release|x64.Build.0 = Release|Any CPU
		{C728CA41-03F1-4769-B226-FC140FD6F854}.Release|x86.ActiveCfg = Release|Any CPU
		{C728CA41-03F1-4769-B226-FC140FD6F854}.Release|x86.Build.0 = Release|Any CPU
	EndGlobalSection
	GlobalSection(SolutionProperties) = preSolution
		HideSolutionNode = FALSE
	EndGlobalSection
EndGlobal
